// !$*UTF8*$!
{
	archiveVersion = 1;
	classes = {
	};
	objectVersion = 46;
	objects = {

/* Begin PBXBuildFile section */
		5529203C1BE0069300B0E457 /* CollectionViewCell.swift in Sources */ = {isa = PBXBuildFile; fileRef = 5529203B1BE0069300B0E457 /* CollectionViewCell.swift */; };
		5529203E1BE00AFF00B0E457 /* ProgrmaViewController.swift in Sources */ = {isa = PBXBuildFile; fileRef = 5529203D1BE00AFF00B0E457 /* ProgrmaViewController.swift */; };
		559569401BD9309D009EBA5F /* AppDelegate.swift in Sources */ = {isa = PBXBuildFile; fileRef = 5595693F1BD9309D009EBA5F /* AppDelegate.swift */; };
		559569421BD9309D009EBA5F /* FirstViewController.swift in Sources */ = {isa = PBXBuildFile; fileRef = 559569411BD9309D009EBA5F /* FirstViewController.swift */; };
		559569441BD9309D009EBA5F /* SecondViewController.swift in Sources */ = {isa = PBXBuildFile; fileRef = 559569431BD9309D009EBA5F /* SecondViewController.swift */; };
		559569471BD9309D009EBA5F /* Main.storyboard in Resources */ = {isa = PBXBuildFile; fileRef = 559569451BD9309D009EBA5F /* Main.storyboard */; };
		559569491BD9309D009EBA5F /* Images.xcassets in Resources */ = {isa = PBXBuildFile; fileRef = 559569481BD9309D009EBA5F /* Images.xcassets */; };
		5595694C1BD9309D009EBA5F /* LaunchScreen.xib in Resources */ = {isa = PBXBuildFile; fileRef = 5595694A1BD9309D009EBA5F /* LaunchScreen.xib */; };
		559569581BD9309E009EBA5F /* Foro_EmprezandoTests.swift in Sources */ = {isa = PBXBuildFile; fileRef = 559569571BD9309E009EBA5F /* Foro_EmprezandoTests.swift */; };
/* End PBXBuildFile section */

/* Begin PBXContainerItemProxy section */
		559569521BD9309E009EBA5F /* PBXContainerItemProxy */ = {
			isa = PBXContainerItemProxy;
			containerPortal = 559569321BD9309D009EBA5F /* Project object */;
			proxyType = 1;
			remoteGlobalIDString = 559569391BD9309D009EBA5F;
			remoteInfo = "Foro Emprezando";
		};
/* End PBXContainerItemProxy section */

/* Begin PBXFileReference section */
		5529203B1BE0069300B0E457 /* CollectionViewCell.swift */ = {isa = PBXFileReference; fileEncoding = 4; lastKnownFileType = sourcecode.swift; path = CollectionViewCell.swift; sourceTree = "<group>"; };
		5529203D1BE00AFF00B0E457 /* ProgrmaViewController.swift */ = {isa = PBXFileReference; fileEncoding = 4; lastKnownFileType = sourcecode.swift; path = ProgrmaViewController.swift; sourceTree = "<group>"; };
		5595693A1BD9309D009EBA5F /* Foro Emprezando.app */ = {isa = PBXFileReference; explicitFileType = wrapper.application; includeInIndex = 0; path = "Foro Emprezando.app"; sourceTree = BUILT_PRODUCTS_DIR; };
		5595693E1BD9309D009EBA5F /* Info.plist */ = {isa = PBXFileReference; lastKnownFileType = text.plist.xml; path = Info.plist; sourceTree = "<group>"; };
		5595693F1BD9309D009EBA5F /* AppDelegate.swift */ = {isa = PBXFileReference; lastKnownFileType = sourcecode.swift; path = AppDelegate.swift; sourceTree = "<group>"; };
		559569411BD9309D009EBA5F /* FirstViewController.swift */ = {isa = PBXFileReference; lastKnownFileType = sourcecode.swift; path = FirstViewController.swift; sourceTree = "<group>"; };
		559569431BD9309D009EBA5F /* SecondViewController.swift */ = {isa = PBXFileReference; lastKnownFileType = sourcecode.swift; path = SecondViewController.swift; sourceTree = "<group>"; };
		559569461BD9309D009EBA5F /* Base */ = {isa = PBXFileReference; lastKnownFileType = file.storyboard; name = Base; path = Base.lproj/Main.storyboard; sourceTree = "<group>"; };
		559569481BD9309D009EBA5F /* Images.xcassets */ = {isa = PBXFileReference; lastKnownFileType = folder.assetcatalog; path = Images.xcassets; sourceTree = "<group>"; };
		5595694B1BD9309D009EBA5F /* Base */ = {isa = PBXFileReference; lastKnownFileType = file.xib; name = Base; path = Base.lproj/LaunchScreen.xib; sourceTree = "<group>"; };
		559569511BD9309E009EBA5F /* Foro EmprezandoTests.xctest */ = {isa = PBXFileReference; explicitFileType = wrapper.cfbundle; includeInIndex = 0; path = "Foro EmprezandoTests.xctest"; sourceTree = BUILT_PRODUCTS_DIR; };
		559569561BD9309E009EBA5F /* Info.plist */ = {isa = PBXFileReference; lastKnownFileType = text.plist.xml; path = Info.plist; sourceTree = "<group>"; };
		559569571BD9309E009EBA5F /* Foro_EmprezandoTests.swift */ = {isa = PBXFileReference; lastKnownFileType = sourcecode.swift; path = Foro_EmprezandoTests.swift; sourceTree = "<group>"; };
/* End PBXFileReference section */

/* Begin PBXFrameworksBuildPhase section */
		559569371BD9309D009EBA5F /* Frameworks */ = {
			isa = PBXFrameworksBuildPhase;
			buildActionMask = 2147483647;
			files = (
			);
			runOnlyForDeploymentPostprocessing = 0;
		};
		5595694E1BD9309E009EBA5F /* Frameworks */ = {
			isa = PBXFrameworksBuildPhase;
			buildActionMask = 2147483647;
			files = (
			);
			runOnlyForDeploymentPostprocessing = 0;
		};
/* End PBXFrameworksBuildPhase section */

/* Begin PBXGroup section */
		559569311BD9309D009EBA5F = {
			isa = PBXGroup;
			children = (
				5595693C1BD9309D009EBA5F /* Foro Emprezando */,
				559569541BD9309E009EBA5F /* Foro EmprezandoTests */,
				5595693B1BD9309D009EBA5F /* Products */,
			);
			sourceTree = "<group>";
		};
		5595693B1BD9309D009EBA5F /* Products */ = {
			isa = PBXGroup;
			children = (
				5595693A1BD9309D009EBA5F /* Foro Emprezando.app */,
				559569511BD9309E009EBA5F /* Foro EmprezandoTests.xctest */,
			);
			name = Products;
			sourceTree = "<group>";
		};
		5595693C1BD9309D009EBA5F /* Foro Emprezando */ = {
			isa = PBXGroup;
			children = (
				5595693F1BD9309D009EBA5F /* AppDelegate.swift */,
				559569411BD9309D009EBA5F /* FirstViewController.swift */,
				5529203B1BE0069300B0E457 /* CollectionViewCell.swift */,
				5529203D1BE00AFF00B0E457 /* ProgrmaViewController.swift */,
				559569431BD9309D009EBA5F /* SecondViewController.swift */,
				559569451BD9309D009EBA5F /* Main.storyboard */,
				559569481BD9309D009EBA5F /* Images.xcassets */,
				5595694A1BD9309D009EBA5F /* LaunchScreen.xib */,
				5595693D1BD9309D009EBA5F /* Supporting Files */,
			);
			path = "Foro Emprezando";
			sourceTree = "<group>";
		};
		5595693D1BD9309D009EBA5F /* Supporting Files */ = {
			isa = PBXGroup;
			children = (
				5595693E1BD9309D009EBA5F /* Info.plist */,
			);
			name = "Supporting Files";
			sourceTree = "<group>";
		};
		559569541BD9309E009EBA5F /* Foro EmprezandoTests */ = {
			isa = PBXGroup;
			children = (
				559569571BD9309E009EBA5F /* Foro_EmprezandoTests.swift */,
				559569551BD9309E009EBA5F /* Supporting Files */,
			);
			path = "Foro EmprezandoTests";
			sourceTree = "<group>";
		};
		559569551BD9309E009EBA5F /* Supporting Files */ = {
			isa = PBXGroup;
			children = (
				559569561BD9309E009EBA5F /* Info.plist */,
			);
			name = "Supporting Files";
			sourceTree = "<group>";
		};
/* End PBXGroup section */

/* Begin PBXNativeTarget section */
		559569391BD9309D009EBA5F /* Foro Emprezando */ = {
			isa = PBXNativeTarget;
			buildConfigurationList = 5595695B1BD9309E009EBA5F /* Build configuration list for PBXNativeTarget "Foro Emprezando" */;
			buildPhases = (
				559569361BD9309D009EBA5F /* Sources */,
				559569371BD9309D009EBA5F /* Frameworks */,
				559569381BD9309D009EBA5F /* Resources */,
			);
			buildRules = (
			);
			dependencies = (
			);
			name = "Foro Emprezando";
			productName = "Foro Emprezando";
			productReference = 5595693A1BD9309D009EBA5F /* Foro Emprezando.app */;
			productType = "com.apple.product-type.application";
		};
		559569501BD9309E009EBA5F /* Foro EmprezandoTests */ = {
			isa = PBXNativeTarget;
			buildConfigurationList = 5595695E1BD9309E009EBA5F /* Build configuration list for PBXNativeTarget "Foro EmprezandoTests" */;
			buildPhases = (
				5595694D1BD9309E009EBA5F /* Sources */,
				5595694E1BD9309E009EBA5F /* Frameworks */,
				5595694F1BD9309E009EBA5F /* Resources */,
			);
			buildRules = (
			);
			dependencies = (
				559569531BD9309E009EBA5F /* PBXTargetDependency */,
			);
			name = "Foro EmprezandoTests";
			productName = "Foro EmprezandoTests";
			productReference = 559569511BD9309E009EBA5F /* Foro EmprezandoTests.xctest */;
			productType = "com.apple.product-type.bundle.unit-test";
		};
/* End PBXNativeTarget section */

/* Begin PBXProject section */
		559569321BD9309D009EBA5F /* Project object */ = {
			isa = PBXProject;
			attributes = {
				LastUpgradeCheck = 0640;
				ORGANIZATIONNAME = CCEO;
				TargetAttributes = {
					559569391BD9309D009EBA5F = {
						CreatedOnToolsVersion = 6.4;
					};
					559569501BD9309E009EBA5F = {
						CreatedOnToolsVersion = 6.4;
						TestTargetID = 559569391BD9309D009EBA5F;
					};
				};
			};
			buildConfigurationList = 559569351BD9309D009EBA5F /* Build configuration list for PBXProject "Foro Emprezando" */;
			compatibilityVersion = "Xcode 3.2";
			developmentRegion = English;
			hasScannedForEncodings = 0;
			knownRegions = (
				en,
				Base,
			);
			mainGroup = 559569311BD9309D009EBA5F;
			productRefGroup = 5595693B1BD9309D009EBA5F /* Products */;
			projectDirPath = "";
			projectRoot = "";
			targets = (
				559569391BD9309D009EBA5F /* Foro Emprezando */,
				559569501BD9309E009EBA5F /* Foro EmprezandoTests */,
			);
		};
/* End PBXProject section */

/* Begin PBXResourcesBuildPhase section */
		559569381BD9309D009EBA5F /* Resources */ = {
			isa = PBXResourcesBuildPhase;
			buildActionMask = 2147483647;
			files = (
				559569471BD9309D009EBA5F /* Main.storyboard in Resources */,
				5595694C1BD9309D009EBA5F /* LaunchScreen.xib in Resources */,
				559569491BD9309D009EBA5F /* Images.xcassets in Resources */,
			);
			runOnlyForDeploymentPostprocessing = 0;
		};
		5595694F1BD9309E009EBA5F /* Resources */ = {
			isa = PBXResourcesBuildPhase;
			buildActionMask = 2147483647;
			files = (
			);
			runOnlyForDeploymentPostprocessing = 0;
		};
/* End PBXResourcesBuildPhase section */

/* Begin PBXSourcesBuildPhase section */
		559569361BD9309D009EBA5F /* Sources */ = {
			isa = PBXSourcesBuildPhase;
			buildActionMask = 2147483647;
			files = (
				559569441BD9309D009EBA5F /* SecondViewController.swift in Sources */,
				559569401BD9309D009EBA5F /* AppDelegate.swift in Sources */,
				5529203E1BE00AFF00B0E457 /* ProgrmaViewController.swift in Sources */,
				5529203C1BE0069300B0E457 /* CollectionViewCell.swift in Sources */,
				559569421BD9309D009EBA5F /* FirstViewController.swift in Sources */,
			);
			runOnlyForDeploymentPostprocessing = 0;
		};
		5595694D1BD9309E009EBA5F /* Sources */ = {
			isa = PBXSourcesBuildPhase;
			buildActionMask = 2147483647;
			files = (
				559569581BD9309E009EBA5F /* Foro_EmprezandoTests.swift in Sources */,
			);
			runOnlyForDeploymentPostprocessing = 0;
		};
/* End PBXSourcesBuildPhase section */

/* Begin PBXTargetDependency section */
		559569531BD9309E009EBA5F /* PBXTargetDependency */ = {
			isa = PBXTargetDependency;
			target = 559569391BD9309D009EBA5F /* Foro Emprezando */;
			targetProxy = 559569521BD9309E009EBA5F /* PBXContainerItemProxy */;
		};
/* End PBXTargetDependency section */

/* Begin PBXVariantGroup section */
		559569451BD9309D009EBA5F /* Main.storyboard */ = {
			isa = PBXVariantGroup;
			children = (
				559569461BD9309D009EBA5F /* Base */,
			);
			name = Main.storyboard;
			sourceTree = "<group>";
		};
		5595694A1BD9309D009EBA5F /* LaunchScreen.xib */ = {
			isa = PBXVariantGroup;
			children = (
				5595694B1BD9309D009EBA5F /* Base */,
			);
			name = LaunchScreen.xib;
			sourceTree = "<group>";
		};
/* End PBXVariantGroup section */

/* Begin XCBuildConfiguration section */
		559569591BD9309E009EBA5F /* Debug */ = {
			isa = XCBuildConfiguration;
			buildSettings = {
				ALWAYS_SEARCH_USER_PATHS = NO;
				CLANG_CXX_LANGUAGE_STANDARD = "gnu++0x";
				CLANG_CXX_LIBRARY = "libc++";
				CLANG_ENABLE_MODULES = YES;
				CLANG_ENABLE_OBJC_ARC = YES;
				CLANG_WARN_BOOL_CONVERSION = YES;
				CLANG_WARN_CONSTANT_CONVERSION = YES;
				CLANG_WARN_DIRECT_OBJC_ISA_USAGE = YES_ERROR;
				CLANG_WARN_EMPTY_BODY = YES;
				CLANG_WARN_ENUM_CONVERSION = YES;
				CLANG_WARN_INT_CONVERSION = YES;
				CLANG_WARN_OBJC_ROOT_CLASS = YES_ERROR;
				CLANG_WARN_UNREACHABLE_CODE = YES;
				CLANG_WARN__DUPLICATE_METHOD_MATCH = YES;
				"CODE_SIGN_IDENTITY[sdk=iphoneos*]" = "iPhone Developer";
				COPY_PHASE_STRIP = NO;
				DEBUG_INFORMATION_FORMAT = "dwarf-with-dsym";
				ENABLE_STRICT_OBJC_MSGSEND = YES;
				GCC_C_LANGUAGE_STANDARD = gnu99;
				GCC_DYNAMIC_NO_PIC = NO;
				GCC_NO_COMMON_BLOCKS = YES;
				GCC_OPTIMIZATION_LEVEL = 0;
				GCC_PREPROCESSOR_DEFINITIONS = (
					"DEBUG=1",
					"$(inherited)",
				);
				GCC_SYMBOLS_PRIVATE_EXTERN = NO;
				GCC_WARN_64_TO_32_BIT_CONVERSION = YES;
				GCC_WARN_ABOUT_RETURN_TYPE = YES_ERROR;
				GCC_WARN_UNDECLARED_SELECTOR = YES;
				GCC_WARN_UNINITIALIZED_AUTOS = YES_AGGRESSIVE;
				GCC_WARN_UNUSED_FUNCTION = YES;
				GCC_WARN_UNUSED_VARIABLE = YES;
				IPHONEOS_DEPLOYMENT_TARGET = 8.4;
				MTL_ENABLE_DEBUG_INFO = YES;
				ONLY_ACTIVE_ARCH = YES;
				SDKROOT = iphoneos;
				SWIFT_OPTIMIZATION_LEVEL = "-Onone";
				TARGETED_DEVICE_FAMILY = "1,2";
			};
			name = Debug;
		};
		5595695A1BD9309E009EBA5F /* Release */ = {
			isa = XCBuildConfiguration;
			buildSettings = {
				ALWAYS_SEARCH_USER_PATHS = NO;
				CLANG_CXX_LANGUAGE_STANDARD = "gnu++0x";
				CLANG_CXX_LIBRARY = "libc++";
				CLANG_ENABLE_MODULES = YES;
				CLANG_ENABLE_OBJC_ARC = YES;
				CLANG_WARN_BOOL_CONVERSION = YES;
				CLANG_WARN_CONSTANT_CONVERSION = YES;
				CLANG_WARN_DIRECT_OBJC_ISA_USAGE = YES_ERROR;
				CLANG_WARN_EMPTY_BODY = YES;
				CLANG_WARN_ENUM_CONVERSION = YES;
				CLANG_WARN_INT_CONVERSION = YES;
				CLANG_WARN_OBJC_ROOT_CLASS = YES_ERROR;
				CLANG_WARN_UNREACHABLE_CODE = YES;
				CLANG_WARN__DUPLICATE_METHOD_MATCH = YES;
				"CODE_SIGN_IDENTITY[sdk=iphoneos*]" = "iPhone Developer";
				COPY_PHASE_STRIP = NO;
				DEBUG_INFORMATION_FORMAT = "dwarf-with-dsym";
				ENABLE_NS_ASSERTIONS = NO;
				ENABLE_STRICT_OBJC_MSGSEND = YES;
				GCC_C_LANGUAGE_STANDARD = gnu99;
				GCC_NO_COMMON_BLOCKS = YES;
				GCC_WARN_64_TO_32_BIT_CONVERSION = YES;
				GCC_WARN_ABOUT_RETURN_TYPE = YES_ERROR;
				GCC_WARN_UNDECLARED_SELECTOR = YES;
				GCC_WARN_UNINITIALIZED_AUTOS = YES_AGGRESSIVE;
				GCC_WARN_UNUSED_FUNCTION = YES;
				GCC_WARN_UNUSED_VARIABLE = YES;
				IPHONEOS_DEPLOYMENT_TARGET = 8.4;
				MTL_ENABLE_DEBUG_INFO = NO;
				SDKROOT = iphoneos;
				TARGETED_DEVICE_FAMILY = "1,2";
				VALIDATE_PRODUCT = YES;
			};
			name = Release;
		};
		5595695C1BD9309E009EBA5F /* Debug */ = {
			isa = XCBuildConfiguration;
			buildSettings = {
				ASSETCATALOG_COMPILER_APPICON_NAME = AppIcon;
				INFOPLIST_FILE = "Foro Emprezando/Info.plist";
				LD_RUNPATH_SEARCH_PATHS = "$(inherited) @executable_path/Frameworks";
				PRODUCT_NAME = "$(TARGET_NAME)";
			};
			name = Debug;
		};
		5595695D1BD9309E009EBA5F /* Release */ = {
			isa = XCBuildConfiguration;
			buildSettings = {
				ASSETCATALOG_COMPILER_APPICON_NAME = AppIcon;
				INFOPLIST_FILE = "Foro Emprezando/Info.plist";
				LD_RUNPATH_SEARCH_PATHS = "$(inherited) @executable_path/Frameworks";
				PRODUCT_NAME = "$(TARGET_NAME)";
			};
			name = Release;
		};
		5595695F1BD9309E009EBA5F /* Debug */ = {
			isa = XCBuildConfiguration;
			buildSettings = {
				BUNDLE_LOADER = "$(TEST_HOST)";
				FRAMEWORK_SEARCH_PATHS = (
					"$(SDKROOT)/Developer/Library/Frameworks",
					"$(inherited)",
				);
				GCC_PREPROCESSOR_DEFINITIONS = (
					"DEBUG=1",
					"$(inherited)",
				);
				INFOPLIST_FILE = "Foro EmprezandoTests/Info.plist";
				LD_RUNPATH_SEARCH_PATHS = "$(inherited) @executable_path/Frameworks @loader_path/Frameworks";
				PRODUCT_NAME = "$(TARGET_NAME)";
				TEST_HOST = "$(BUILT_PRODUCTS_DIR)/Foro Emprezando.app/Foro Emprezando";
			};
			name = Debug;
		};
		559569601BD9309E009EBA5F /* Release */ = {
			isa = XCBuildConfiguration;
			buildSettings = {
				BUNDLE_LOADER = "$(TEST_HOST)";
				FRAMEWORK_SEARCH_PATHS = (
					"$(SDKROOT)/Developer/Library/Frameworks",
					"$(inherited)",
				);
				INFOPLIST_FILE = "Foro EmprezandoTests/Info.plist";
				LD_RUNPATH_SEARCH_PATHS = "$(inherited) @executable_path/Frameworks @loader_path/Frameworks";
				PRODUCT_NAME = "$(TARGET_NAME)";
				TEST_HOST = "$(BUILT_PRODUCTS_DIR)/Foro Emprezando.app/Foro Emprezando";
			};
			name = Release;
		};
/* End XCBuildConfiguration section */

/* Begin XCConfigurationList section */
		559569351BD9309D009EBA5F /* Build configuration list for PBXProject "Foro Emprezando" */ = {
			isa = XCConfigurationList;
			buildConfigurations = (
				559569591BD9309E009EBA5F /* Debug */,
				5595695A1BD9309E009EBA5F /* Release */,
			);
			defaultConfigurationIsVisible = 0;
			defaultConfigurationName = Release;
		};
		5595695B1BD9309E009EBA5F /* Build configuration list for PBXNativeTarget "Foro Emprezando" */ = {
			isa = XCConfigurationList;
			buildConfigurations = (
				5595695C1BD9309E009EBA5F /* Debug */,
				5595695D1BD9309E009EBA5F /* Release */,
			);
			defaultConfigurationIsVisible = 0;
			defaultConfigurationName = Release;
		};
		5595695E1BD9309E009EBA5F /* Build configuration list for PBXNativeTarget "Foro EmprezandoTests" */ = {
			isa = XCConfigurationList;
			buildConfigurations = (
				5595695F1BD9309E009EBA5F /* Debug */,
				559569601BD9309E009EBA5F /* Release */,
			);
			defaultConfigurationIsVisible = 0;
			defaultConfigurationName = Release;
		};
/* End XCConfigurationList section */
	};
	rootObject = 559569321BD9309D009EBA5F /* Project object */;
}
